<Solution>
  <Folder Name="/src/">
    <Project Path="src/Baxy.App/Baxy.App.csproj" />
    <Project Path="src/Baxy.Contracts/Baxy.Contracts.csproj" />
    <Project Path="src/Baxy.Core/Baxy.Core.csproj" />
    <Project Path="src/Baxy.Kernel/Baxy.Kernel.csproj" />
    <Project Path="src/Baxy.Providers.Windows/Baxy.Providers.Windows.csproj" />
    <Project Path="src/Baxy.Security.Windows/Baxy.Security.Windows.csproj" />
    <Project Path="src/Baxy.Setup/Baxy.Setup.csproj" />
  </Folder>
  <Folder Name="/tests/">
    <Project Path="tests/Baxy.Contracts.Tests/Baxy.Contracts.Tests.csproj" />
    <Project Path="tests/Baxy.Integration.Tests/Baxy.Integration.Tests.csproj" />
    <Project Path="tests/Baxy.Kernel.Tests/Baxy.Kernel.Tests.csproj" />
    <Project Path="tests/Baxy.Providers.Windows.Tests/Baxy.Providers.Windows.Tests.csproj" />
    <Project Path="tests/Baxy.Setup.Tests/Baxy.Setup.Tests.csproj" />
  </Folder>
</Solution>
